
Microsoft Visual Studio Solution File, Format Version 12.00
# Visual Studio Version 17
VisualStudioVersion = 17.14.36109.1
MinimumVisualStudioVersion = 10.0.40219.1
Project("{FAE04EC0-301F-11D3-BF4B-00C04F79EFBC}") = "DayvpnBotWebApi", "DayvpnBotWebApi\DayvpnBotWebApi.csproj", "{B0591B11-89D0-44FF-8464-C495BBA1FC8C}"
EndProject
Project("{54A90642-561A-4BB1-A94E-469ADEE60C69}") = "dayvpnadminpanel", "DayvpnAdminPanel\dayvpnadminpanel.esproj", "{D483EC56-C0A4-BF60-2689-D6DC3F4B5618}"
EndProject
Global
	GlobalSection(SolutionConfigurationPlatforms) = preSolution
		Debug|Any CPU = Debug|Any CPU
		Release|Any CPU = Release|Any CPU
	EndGlobalSection
	GlobalSection(ProjectConfigurationPlatforms) = postSolution
		{B0591B11-89D0-44FF-8464-C495BBA1FC8C}.Debug|Any CPU.ActiveCfg = Debug|Any CPU
		{B0591B11-89D0-44FF-8464-C495BBA1FC8C}.Debug|Any CPU.Build.0 = Debug|Any CPU
		{B0591B11-89D0-44FF-8464-C495BBA1FC8C}.Release|Any CPU.ActiveCfg = Release|Any CPU
		{B0591B11-89D0-44FF-8464-C495BBA1FC8C}.Release|Any CPU.Build.0 = Release|Any CPU
		{D483EC56-C0A4-BF60-2689-D6DC3F4B5618}.Debug|Any CPU.ActiveCfg = Debug|Any CPU
		{D483EC56-C0A4-BF60-2689-D6DC3F4B5618}.Debug|Any CPU.Build.0 = Debug|Any CPU
		{D483EC56-C0A4-BF60-2689-D6DC3F4B5618}.Debug|Any CPU.Deploy.0 = Debug|Any CPU
		{D483EC56-C0A4-BF60-2689-D6DC3F4B5618}.Release|Any CPU.ActiveCfg = Release|Any CPU
		{D483EC56-C0A4-BF60-2689-D6DC3F4B5618}.Release|Any CPU.Build.0 = Release|Any CPU
		{D483EC56-C0A4-BF60-2689-D6DC3F4B5618}.Release|Any CPU.Deploy.0 = Release|Any CPU
	EndGlobalSection
	GlobalSection(SolutionProperties) = preSolution
		HideSolutionNode = FALSE
	EndGlobalSection
	GlobalSection(ExtensibilityGlobals) = postSolution
		SolutionGuid = {D56710FE-C215-4F90-8AC9-868D6CF715D0}
	EndGlobalSection
EndGlobal
